
Microsoft Visual Studio Solution File, Format Version 12.00
# Visual Studio 15
VisualStudioVersion = 15.0.28307.168
MinimumVisualStudioVersion = 10.0.40219.1
Project("{FAE04EC0-301F-11D3-BF4B-00C04F79EFBC}") = "TestConsoleApp1", "TestConsoleApp1\TestConsoleApp1.csproj", "{D8365DC6-72CC-4776-AC6B-4F7FADDEEB53}"
EndProject
Global
	GlobalSection(SolutionConfigurationPlatforms) = preSolution
		Debug|Any CPU = Debug|Any CPU
		Release|Any CPU = Release|Any CPU
	EndGlobalSection
	GlobalSection(ProjectConfigurationPlatforms) = postSolution
		{D8365DC6-72CC-4776-AC6B-4F7FADDEEB53}.Debug|Any CPU.ActiveCfg = Debug|Any CPU
		{D8365DC6-72CC-4776-AC6B-4F7FADDEEB53}.Debug|Any CPU.Build.0 = Debug|Any CPU
		{D8365DC6-72CC-4776-AC6B-4F7FADDEEB53}.Release|Any CPU.ActiveCfg = Release|Any CPU
		{D8365DC6-72CC-4776-AC6B-4F7FADDEEB53}.Release|Any CPU.Build.0 = Release|Any CPU
	EndGlobalSection
	GlobalSection(SolutionProperties) = preSolution
		HideSolutionNode = FALSE
	EndGlobalSection
	GlobalSection(ExtensibilityGlobals) = postSolution
		SolutionGuid = {E49813FF-8D9F-4F79-AFCC-30C9C2216E74}
	EndGlobalSection
EndGlobal
